
Microsoft Visual Studio Solution File, Format Version 12.00
# Visual Studio 2012
Project("{FAE04EC0-301F-11D3-BF4B-00C04F79EFBC}") = "OrdrIn.Api", "OrdrIn.Api\OrdrIn.Api.csproj", "{CC6BC612-AF20-4B81-99E8-642579454204}"
EndProject
Project("{FAE04EC0-301F-11D3-BF4B-00C04F79EFBC}") = "OrdrIn.Api.Console", "OrdrIn.Api.Console\OrdrIn.Api.Console.csproj", "{482F0F98-D4B3-4AB5-AD2E-00B37C254741}"
EndProject
Global
	GlobalSection(SolutionConfigurationPlatforms) = preSolution
		Debug|Any CPU = Debug|Any CPU
		Release|Any CPU = Release|Any CPU
	EndGlobalSection
	GlobalSection(ProjectConfigurationPlatforms) = postSolution
		{482F0F98-D4B3-4AB5-AD2E-00B37C254741}.Debug|Any CPU.ActiveCfg = Debug|Any CPU
		{482F0F98-D4B3-4AB5-AD2E-00B37C254741}.Debug|Any CPU.Build.0 = Debug|Any CPU
		{482F0F98-D4B3-4AB5-AD2E-00B37C254741}.Release|Any CPU.ActiveCfg = Release|Any CPU
		{482F0F98-D4B3-4AB5-AD2E-00B37C254741}.Release|Any CPU.Build.0 = Release|Any CPU
		{CC6BC612-AF20-4B81-99E8-642579454204}.Debug|Any CPU.ActiveCfg = Debug|Any CPU
		{CC6BC612-AF20-4B81-99E8-642579454204}.Debug|Any CPU.Build.0 = Debug|Any CPU
		{CC6BC612-AF20-4B81-99E8-642579454204}.Release|Any CPU.ActiveCfg = Release|Any CPU
		{CC6BC612-AF20-4B81-99E8-642579454204}.Release|Any CPU.Build.0 = Release|Any CPU
	EndGlobalSection
	GlobalSection(MonoDevelopProperties) = preSolution
		StartupItem = OrdrIn.Api.Console\OrdrIn.Api.Console.csproj
	EndGlobalSection
EndGlobal
